
Microsoft Visual Studio Solution File, Format Version 12.00
Project("{FAE04EC0-301F-11D3-BF4B-00C04F79EFBC}") = "Rental.Domain", "Rental.Domain\Rental.Domain.csproj", "{3BF2C562-8123-4A93-9276-6718A53C185C}"
EndProject
Project("{FAE04EC0-301F-11D3-BF4B-00C04F79EFBC}") = "Rental.Application", "Rental.Application\Rental.Application.csproj", "{27C27434-511D-4100-98E5-5B944944A8E1}"
EndProject
Project("{FAE04EC0-301F-11D3-BF4B-00C04F79EFBC}") = "Rental.Application.Tests", "Rental.Application.Tests\Rental.Application.Tests.csproj", "{682FA656-48F1-41C8-AD75-E595014A7B43}"
EndProject
Project("{FAE04EC0-301F-11D3-BF4B-00C04F79EFBC}") = "Rental.Adapters.WebApi", "Rental.Adapters.WebApi\Rental.Adapters.WebApi.csproj", "{02F4BA0D-1DDE-4155-B852-8014D542C866}"
EndProject
Project("{2150E333-8FDC-42A3-9474-1A3956D46DE8}") = "Adapters", "Adapters", "{F50557EC-0641-437C-B5AF-543300BC50D4}"
EndProject
Project("{FAE04EC0-301F-11D3-BF4B-00C04F79EFBC}") = "Rental.Adapters.WebApi.Tests", "Rental.Adapters.WebApi.Tests\Rental.Adapters.WebApi.Tests.csproj", "{AB9CEE11-E960-4780-8190-4F7343E47095}"
EndProject
Project("{2150E333-8FDC-42A3-9474-1A3956D46DE8}") = "Application", "Application", "{FD7130CF-7B15-4DBF-B171-AF2AF0B325FB}"
EndProject
Project("{2150E333-8FDC-42A3-9474-1A3956D46DE8}") = "Web", "Web", "{F750B8BF-8310-4B5E-8C39-B510ECE30152}"
EndProject
Project("{2150E333-8FDC-42A3-9474-1A3956D46DE8}") = "CLI", "CLI", "{61515040-7338-430A-B84D-D2DEF205A168}"
EndProject
Project("{FAE04EC0-301F-11D3-BF4B-00C04F79EFBC}") = "Rental.Adapters.CLI", "Rental.Adapters.CLI\Rental.Adapters.CLI.csproj", "{ACFC34F8-69FC-451D-A683-BC79889DB12E}"
EndProject
Project("{FAE04EC0-301F-11D3-BF4B-00C04F79EFBC}") = "Rental.Adapters.EF", "Rental.Adapters.EF\Rental.Adapters.EF.csproj", "{42A7AED3-7AC8-43ED-AF16-FD35CDD9F08E}"
EndProject
Project("{2150E333-8FDC-42A3-9474-1A3956D46DE8}") = "Tests", "Tests", "{96948E48-7854-496B-875D-6C8136B4875C}"
EndProject
Global
	GlobalSection(SolutionConfigurationPlatforms) = preSolution
		Debug|Any CPU = Debug|Any CPU
		Release|Any CPU = Release|Any CPU
	EndGlobalSection
	GlobalSection(ProjectConfigurationPlatforms) = postSolution
		{3BF2C562-8123-4A93-9276-6718A53C185C}.Debug|Any CPU.ActiveCfg = Debug|Any CPU
		{3BF2C562-8123-4A93-9276-6718A53C185C}.Debug|Any CPU.Build.0 = Debug|Any CPU
		{3BF2C562-8123-4A93-9276-6718A53C185C}.Release|Any CPU.ActiveCfg = Release|Any CPU
		{3BF2C562-8123-4A93-9276-6718A53C185C}.Release|Any CPU.Build.0 = Release|Any CPU
		{27C27434-511D-4100-98E5-5B944944A8E1}.Debug|Any CPU.ActiveCfg = Debug|Any CPU
		{27C27434-511D-4100-98E5-5B944944A8E1}.Debug|Any CPU.Build.0 = Debug|Any CPU
		{27C27434-511D-4100-98E5-5B944944A8E1}.Release|Any CPU.ActiveCfg = Release|Any CPU
		{27C27434-511D-4100-98E5-5B944944A8E1}.Release|Any CPU.Build.0 = Release|Any CPU
		{682FA656-48F1-41C8-AD75-E595014A7B43}.Debug|Any CPU.ActiveCfg = Debug|Any CPU
		{682FA656-48F1-41C8-AD75-E595014A7B43}.Debug|Any CPU.Build.0 = Debug|Any CPU
		{682FA656-48F1-41C8-AD75-E595014A7B43}.Release|Any CPU.ActiveCfg = Release|Any CPU
		{682FA656-48F1-41C8-AD75-E595014A7B43}.Release|Any CPU.Build.0 = Release|Any CPU
		{02F4BA0D-1DDE-4155-B852-8014D542C866}.Debug|Any CPU.ActiveCfg = Debug|Any CPU
		{02F4BA0D-1DDE-4155-B852-8014D542C866}.Debug|Any CPU.Build.0 = Debug|Any CPU
		{02F4BA0D-1DDE-4155-B852-8014D542C866}.Release|Any CPU.ActiveCfg = Release|Any CPU
		{02F4BA0D-1DDE-4155-B852-8014D542C866}.Release|Any CPU.Build.0 = Release|Any CPU
		{AB9CEE11-E960-4780-8190-4F7343E47095}.Debug|Any CPU.ActiveCfg = Debug|Any CPU
		{AB9CEE11-E960-4780-8190-4F7343E47095}.Debug|Any CPU.Build.0 = Debug|Any CPU
		{AB9CEE11-E960-4780-8190-4F7343E47095}.Release|Any CPU.ActiveCfg = Release|Any CPU
		{AB9CEE11-E960-4780-8190-4F7343E47095}.Release|Any CPU.Build.0 = Release|Any CPU
		{ACFC34F8-69FC-451D-A683-BC79889DB12E}.Debug|Any CPU.ActiveCfg = Debug|Any CPU
		{ACFC34F8-69FC-451D-A683-BC79889DB12E}.Debug|Any CPU.Build.0 = Debug|Any CPU
		{ACFC34F8-69FC-451D-A683-BC79889DB12E}.Release|Any CPU.ActiveCfg = Release|Any CPU
		{ACFC34F8-69FC-451D-A683-BC79889DB12E}.Release|Any CPU.Build.0 = Release|Any CPU
		{42A7AED3-7AC8-43ED-AF16-FD35CDD9F08E}.Debug|Any CPU.ActiveCfg = Debug|Any CPU
		{42A7AED3-7AC8-43ED-AF16-FD35CDD9F08E}.Debug|Any CPU.Build.0 = Debug|Any CPU
		{42A7AED3-7AC8-43ED-AF16-FD35CDD9F08E}.Release|Any CPU.ActiveCfg = Release|Any CPU
		{42A7AED3-7AC8-43ED-AF16-FD35CDD9F08E}.Release|Any CPU.Build.0 = Release|Any CPU
	EndGlobalSection
	GlobalSection(NestedProjects) = preSolution
		{27C27434-511D-4100-98E5-5B944944A8E1} = {FD7130CF-7B15-4DBF-B171-AF2AF0B325FB}
		{F750B8BF-8310-4B5E-8C39-B510ECE30152} = {F50557EC-0641-437C-B5AF-543300BC50D4}
		{02F4BA0D-1DDE-4155-B852-8014D542C866} = {F750B8BF-8310-4B5E-8C39-B510ECE30152}
		{61515040-7338-430A-B84D-D2DEF205A168} = {F50557EC-0641-437C-B5AF-543300BC50D4}
		{ACFC34F8-69FC-451D-A683-BC79889DB12E} = {61515040-7338-430A-B84D-D2DEF205A168}
		{42A7AED3-7AC8-43ED-AF16-FD35CDD9F08E} = {F50557EC-0641-437C-B5AF-543300BC50D4}
		{682FA656-48F1-41C8-AD75-E595014A7B43} = {96948E48-7854-496B-875D-6C8136B4875C}
		{AB9CEE11-E960-4780-8190-4F7343E47095} = {96948E48-7854-496B-875D-6C8136B4875C}
	EndGlobalSection
EndGlobal
